{
  "lockfileVersion": 1,
  "configVersion": 1,
  "workspaces": {
    "": {
      "dependencies": {
        "vue-draggable-plus": "^0.6.0",
      },
    },
  },
  "packages": {
    "@types/sortablejs": ["@types/sortablejs@1.15.9", "", {}, "sha512-7HP+rZGE2p886PKV9c9OJzLBI6BBJu1O7lJGYnPyG3fS4/duUCcngkNCjsLwIMV+WMqANe3tt4irrXHSIe68OQ=="],

    "vue-draggable-plus": ["vue-draggable-plus@0.6.0", "", { "dependencies": { "@types/sortablejs": "^1.15.8" } }, "sha512-G5TSfHrt9tX9EjdG49InoFJbt2NYk0h3kgjgKxkFWr3ulIUays0oFObr5KZ8qzD4+QnhtALiRwIqY6qul4egqw=="],
  }
}
